
Microsoft Visual Studio Solution File, Format Version 12.00
# Visual Studio Version 16
VisualStudioVersion = 16.0.31624.102
MinimumVisualStudioVersion = 10.0.40219.1
Project("{9A19103F-16F7-4668-BE54-9A1E7A4F7556}") = "BinarySearch", "BinarySearch.csproj", "{026C77D6-C83C-4621-9A00-14D2F6458A3B}"
EndProject
Global
	GlobalSection(SolutionConfigurationPlatforms) = preSolution
		Debug|Any CPU = Debug|Any CPU
		Release|Any CPU = Release|Any CPU
	EndGlobalSection
	GlobalSection(ProjectConfigurationPlatforms) = postSolution
		{026C77D6-C83C-4621-9A00-14D2F6458A3B}.Debug|Any CPU.ActiveCfg = Debug|Any CPU
		{026C77D6-C83C-4621-9A00-14D2F6458A3B}.Debug|Any CPU.Build.0 = Debug|Any CPU
		{026C77D6-C83C-4621-9A00-14D2F6458A3B}.Release|Any CPU.ActiveCfg = Release|Any CPU
		{026C77D6-C83C-4621-9A00-14D2F6458A3B}.Release|Any CPU.Build.0 = Release|Any CPU
	EndGlobalSection
	GlobalSection(SolutionProperties) = preSolution
		HideSolutionNode = FALSE
	EndGlobalSection
	GlobalSection(ExtensibilityGlobals) = postSolution
		SolutionGuid = {0DBAD4DD-3344-4B38-9476-E2B4719AD13D}
	EndGlobalSection
EndGlobal
